# This file is automatically @generated by Cargo.
# It is not intended for manual editing.
version = 3

[[package]]
name = "scryd"
version = "0.1.0"

[[package]]
name = "scryd-api"
version = "0.1.0"

[[package]]
name = "scryd-config"
version = "0.1.0"

[[package]]
name = "scryd-imap"
version = "0.1.0"

[[package]]
name = "scryd-log"
version = "0.1.0"

[[package]]
name = "scryd-mime"
version = "0.1.0"

[[package]]
name = "scryd-runtime"
version = "0.1.0"

[[package]]
name = "scryd-search"
version = "0.1.0"

[[package]]
name = "scryd-storage"
version = "0.1.0"
